
Microsoft Visual Studio Solution File, Format Version 12.00
# Visual Studio Version 17
VisualStudioVersion = 17.0.31919.166
MinimumVisualStudioVersion = 10.0.40219.1
Project("{2150E333-8FDC-42A3-9474-1A3956D46DE8}") = "src", "src", "{827E0CD3-B72D-47B6-A68D-7590B98EB39B}"
EndProject
Project("{FAE04EC0-301F-11D3-BF4B-00C04F79EFBC}") = "Signal11.Domain", "src\Signal11.Domain\Signal11.Domain.csproj", "{548B3F24-EC92-4DD4-B04B-870374B23EE9}"
EndProject
Project("{FAE04EC0-301F-11D3-BF4B-00C04F79EFBC}") = "Signal11.Server", "src\Signal11.Server\Signal11.Server.csproj", "{7A401833-75DF-47DD-8395-AD2605FF0C36}"
EndProject
Project("{FAE04EC0-301F-11D3-BF4B-00C04F79EFBC}") = "Signal11.Client.Repl", "src\Signal11.Client.Repl\Signal11.Client.Repl.csproj", "{3294F215-053E-4751-915D-2F1B02398480}"
EndProject
Project("{2150E333-8FDC-42A3-9474-1A3956D46DE8}") = "tests", "tests", "{0AB3BF05-4346-4AA6-1389-037BE0695223}"
EndProject
Project("{2150E333-8FDC-42A3-9474-1A3956D46DE8}") = "unit", "unit", "{9D556B49-86D1-93A7-9596-FFAAB74EC556}"
EndProject
Project("{FAE04EC0-301F-11D3-BF4B-00C04F79EFBC}") = "Signal11.Domain.Tests", "tests\unit\Signal11.Domain.Tests\Signal11.Domain.Tests.csproj", "{C7D8469C-E9F4-4F9E-B502-D54B1457F212}"
EndProject
Project("{FAE04EC0-301F-11D3-BF4B-00C04F79EFBC}") = "Signal11.Server.Tests", "tests\unit\Signal11.Server.Tests\Signal11.Server.Tests.csproj", "{5B7D6A97-8280-490A-9209-98573E451C19}"
EndProject
Project("{FAE04EC0-301F-11D3-BF4B-00C04F79EFBC}") = "Signal11.Client.Repl.Tests", "tests\unit\Signal11.Client.Repl.Tests\Signal11.Client.Repl.Tests.csproj", "{DF95CA08-5AD8-4F71-8382-6CAD5EC580DB}"
EndProject
Project("{2150E333-8FDC-42A3-9474-1A3956D46DE8}") = "integration", "integration", "{28A6993C-471E-82FE-7D9E-AD3B1EC22BD9}"
EndProject
Project("{FAE04EC0-301F-11D3-BF4B-00C04F79EFBC}") = "Signal11.Domain.Integration.Tests", "tests\integration\Signal11.Domain.Integration.Tests\Signal11.Domain.Integration.Tests.csproj", "{9B412CDA-71D7-408E-B6A1-7970EC0EBE51}"
EndProject
Project("{FAE04EC0-301F-11D3-BF4B-00C04F79EFBC}") = "Signal11.Server.Integration.Tests", "tests\integration\Signal11.Server.Integration.Tests\Signal11.Server.Integration.Tests.csproj", "{50F313B8-8438-40F9-B3DC-8252E6E0F66F}"
EndProject
Global
	GlobalSection(SolutionConfigurationPlatforms) = preSolution
		Debug|Any CPU = Debug|Any CPU
		Debug|x64 = Debug|x64
		Debug|x86 = Debug|x86
		Release|Any CPU = Release|Any CPU
		Release|x64 = Release|x64
		Release|x86 = Release|x86
	EndGlobalSection
	GlobalSection(ProjectConfigurationPlatforms) = postSolution
		{548B3F24-EC92-4DD4-B04B-870374B23EE9}.Debug|Any CPU.ActiveCfg = Debug|Any CPU
		{548B3F24-EC92-4DD4-B04B-870374B23EE9}.Debug|Any CPU.Build.0 = Debug|Any CPU
		{548B3F24-EC92-4DD4-B04B-870374B23EE9}.Debug|x64.ActiveCfg = Debug|Any CPU
		{548B3F24-EC92-4DD4-B04B-870374B23EE9}.Debug|x64.Build.0 = Debug|Any CPU
		{548B3F24-EC92-4DD4-B04B-870374B23EE9}.Debug|x86.ActiveCfg = Debug|Any CPU
		{548B3F24-EC92-4DD4-B04B-870374B23EE9}.Debug|x86.Build.0 = Debug|Any CPU
		{548B3F24-EC92-4DD4-B04B-870374B23EE9}.Release|Any CPU.ActiveCfg = Release|Any CPU
		{548B3F24-EC92-4DD4-B04B-870374B23EE9}.Release|Any CPU.Build.0 = Release|Any CPU
		{548B3F24-EC92-4DD4-B04B-870374B23EE9}.Release|x64.ActiveCfg = Release|Any CPU
		{548B3F24-EC92-4DD4-B04B-870374B23EE9}.Release|x64.Build.0 = Release|Any CPU
		{548B3F24-EC92-4DD4-B04B-870374B23EE9}.Release|x86.ActiveCfg = Release|Any CPU
		{548B3F24-EC92-4DD4-B04B-870374B23EE9}.Release|x86.Build.0 = Release|Any CPU
		{7A401833-75DF-47DD-8395-AD2605FF0C36}.Debug|Any CPU.ActiveCfg = Debug|Any CPU
		{7A401833-75DF-47DD-8395-AD2605FF0C36}.Debug|Any CPU.Build.0 = Debug|Any CPU
		{7A401833-75DF-47DD-8395-AD2605FF0C36}.Debug|x64.ActiveCfg = Debug|Any CPU
		{7A401833-75DF-47DD-8395-AD2605FF0C36}.Debug|x64.Build.0 = Debug|Any CPU
		{7A401833-75DF-47DD-8395-AD2605FF0C36}.Debug|x86.ActiveCfg = Debug|Any CPU
		{7A401833-75DF-47DD-8395-AD2605FF0C36}.Debug|x86.Build.0 = Debug|Any CPU
		{7A401833-75DF-47DD-8395-AD2605FF0C36}.Release|Any CPU.ActiveCfg = Release|Any CPU
		{7A401833-75DF-47DD-8395-AD2605FF0C36}.Release|Any CPU.Build.0 = Release|Any CPU
		{7A401833-75DF-47DD-8395-AD2605FF0C36}.Release|x64.ActiveCfg = Release|Any CPU
		{7A401833-75DF-47DD-8395-AD2605FF0C36}.Release|x64.Build.0 = Release|Any CPU
		{7A401833-75DF-47DD-8395-AD2605FF0C36}.Release|x86.ActiveCfg = Release|Any CPU
		{7A401833-75DF-47DD-8395-AD2605FF0C36}.Release|x86.Build.0 = Release|Any CPU
		{3294F215-053E-4751-915D-2F1B02398480}.Debug|Any CPU.ActiveCfg = Debug|Any CPU
		{3294F215-053E-4751-915D-2F1B02398480}.Debug|Any CPU.Build.0 = Debug|Any CPU
		{3294F215-053E-4751-915D-2F1B02398480}.Debug|x64.ActiveCfg = Debug|Any CPU
		{3294F215-053E-4751-915D-2F1B02398480}.Debug|x64.Build.0 = Debug|Any CPU
		{3294F215-053E-4751-915D-2F1B02398480}.Debug|x86.ActiveCfg = Debug|Any CPU
		{3294F215-053E-4751-915D-2F1B02398480}.Debug|x86.Build.0 = Debug|Any CPU
		{3294F215-053E-4751-915D-2F1B02398480}.Release|Any CPU.ActiveCfg = Release|Any CPU
		{3294F215-053E-4751-915D-2F1B02398480}.Release|Any CPU.Build.0 = Release|Any CPU
		{3294F215-053E-4751-915D-2F1B02398480}.Release|x64.ActiveCfg = Release|Any CPU
		{3294F215-053E-4751-915D-2F1B02398480}.Release|x64.Build.0 = Release|Any CPU
		{3294F215-053E-4751-915D-2F1B02398480}.Release|x86.ActiveCfg = Release|Any CPU
		{3294F215-053E-4751-915D-2F1B02398480}.Release|x86.Build.0 = Release|Any CPU
		{C7D8469C-E9F4-4F9E-B502-D54B1457F212}.Debug|Any CPU.ActiveCfg = Debug|Any CPU
		{C7D8469C-E9F4-4F9E-B502-D54B1457F212}.Debug|Any CPU.Build.0 = Debug|Any CPU
		{C7D8469C-E9F4-4F9E-B502-D54B1457F212}.Debug|x64.ActiveCfg = Debug|Any CPU
		{C7D8469C-E9F4-4F9E-B502-D54B1457F212}.Debug|x64.Build.0 = Debug|Any CPU
		{C7D8469C-E9F4-4F9E-B502-D54B1457F212}.Debug|x86.ActiveCfg = Debug|Any CPU
		{C7D8469C-E9F4-4F9E-B502-D54B1457F212}.Debug|x86.Build.0 = Debug|Any CPU
		{C7D8469C-E9F4-4F9E-B502-D54B1457F212}.Release|Any CPU.ActiveCfg = Release|Any CPU
		{C7D8469C-E9F4-4F9E-B502-D54B1457F212}.Release|Any CPU.Build.0 = Release|Any CPU
		{C7D8469C-E9F4-4F9E-B502-D54B1457F212}.Release|x64.ActiveCfg = Release|Any CPU
		{C7D8469C-E9F4-4F9E-B502-D54B1457F212}.Release|x64.Build.0 = Release|Any CPU
		{C7D8469C-E9F4-4F9E-B502-D54B1457F212}.Release|x86.ActiveCfg = Release|Any CPU
		{C7D8469C-E9F4-4F9E-B502-D54B1457F212}.Release|x86.Build.0 = Release|Any CPU
		{5B7D6A97-8280-490A-9209-98573E451C19}.Debug|Any CPU.ActiveCfg = Debug|Any CPU
		{5B7D6A97-8280-490A-9209-98573E451C19}.Debug|Any CPU.Build.0 = Debug|Any CPU
		{5B7D6A97-8280-490A-9209-98573E451C19}.Debug|x64.ActiveCfg = Debug|Any CPU
		{5B7D6A97-8280-490A-9209-98573E451C19}.Debug|x64.Build.0 = Debug|Any CPU
		{5B7D6A97-8280-490A-9209-98573E451C19}.Debug|x86.ActiveCfg = Debug|Any CPU
		{5B7D6A97-8280-490A-9209-98573E451C19}.Debug|x86.Build.0 = Debug|Any CPU
		{5B7D6A97-8280-490A-9209-98573E451C19}.Release|Any CPU.ActiveCfg = Release|Any CPU
		{5B7D6A97-8280-490A-9209-98573E451C19}.Release|Any CPU.Build.0 = Release|Any CPU
		{5B7D6A97-8280-490A-9209-98573E451C19}.Release|x64.ActiveCfg = Release|Any CPU
		{5B7D6A97-8280-490A-9209-98573E451C19}.Release|x64.Build.0 = Release|Any CPU
		{5B7D6A97-8280-490A-9209-98573E451C19}.Release|x86.ActiveCfg = Release|Any CPU
		{5B7D6A97-8280-490A-9209-98573E451C19}.Release|x86.Build.0 = Release|Any CPU
		{DF95CA08-5AD8-4F71-8382-6CAD5EC580DB}.Debug|Any CPU.ActiveCfg = Debug|Any CPU
		{DF95CA08-5AD8-4F71-8382-6CAD5EC580DB}.Debug|Any CPU.Build.0 = Debug|Any CPU
		{DF95CA08-5AD8-4F71-8382-6CAD5EC580DB}.Debug|x64.ActiveCfg = Debug|Any CPU
		{DF95CA08-5AD8-4F71-8382-6CAD5EC580DB}.Debug|x64.Build.0 = Debug|Any CPU
		{DF95CA08-5AD8-4F71-8382-6CAD5EC580DB}.Debug|x86.ActiveCfg = Debug|Any CPU
		{DF95CA08-5AD8-4F71-8382-6CAD5EC580DB}.Debug|x86.Build.0 = Debug|Any CPU
		{DF95CA08-5AD8-4F71-8382-6CAD5EC580DB}.Release|Any CPU.ActiveCfg = Release|Any CPU
		{DF95CA08-5AD8-4F71-8382-6CAD5EC580DB}.Release|Any CPU.Build.0 = Release|Any CPU
		{DF95CA08-5AD8-4F71-8382-6CAD5EC580DB}.Release|x64.ActiveCfg = Release|Any CPU
		{DF95CA08-5AD8-4F71-8382-6CAD5EC580DB}.Release|x64.Build.0 = Release|Any CPU
		{DF95CA08-5AD8-4F71-8382-6CAD5EC580DB}.Release|x86.ActiveCfg = Release|Any CPU
		{DF95CA08-5AD8-4F71-8382-6CAD5EC580DB}.Release|x86.Build.0 = Release|Any CPU
		{9B412CDA-71D7-408E-B6A1-7970EC0EBE51}.Debug|Any CPU.ActiveCfg = Debug|Any CPU
		{9B412CDA-71D7-408E-B6A1-7970EC0EBE51}.Debug|Any CPU.Build.0 = Debug|Any CPU
		{9B412CDA-71D7-408E-B6A1-7970EC0EBE51}.Debug|x64.ActiveCfg = Debug|Any CPU
		{9B412CDA-71D7-408E-B6A1-7970EC0EBE51}.Debug|x64.Build.0 = Debug|Any CPU
		{9B412CDA-71D7-408E-B6A1-7970EC0EBE51}.Debug|x86.ActiveCfg = Debug|Any CPU
		{9B412CDA-71D7-408E-B6A1-7970EC0EBE51}.Debug|x86.Build.0 = Debug|Any CPU
		{9B412CDA-71D7-408E-B6A1-7970EC0EBE51}.Release|Any CPU.ActiveCfg = Release|Any CPU
		{9B412CDA-71D7-408E-B6A1-7970EC0EBE51}.Release|Any CPU.Build.0 = Release|Any CPU
		{9B412CDA-71D7-408E-B6A1-7970EC0EBE51}.Release|x64.ActiveCfg = Release|Any CPU
		{9B412CDA-71D7-408E-B6A1-7970EC0EBE51}.Release|x64.Build.0 = Release|Any CPU
		{9B412CDA-71D7-408E-B6A1-7970EC0EBE51}.Release|x86.ActiveCfg = Release|Any CPU
		{9B412CDA-71D7-408E-B6A1-7970EC0EBE51}.Release|x86.Build.0 = Release|Any CPU
		{50F313B8-8438-40F9-B3DC-8252E6E0F66F}.Debug|Any CPU.ActiveCfg = Debug|Any CPU
		{50F313B8-8438-40F9-B3DC-8252E6E0F66F}.Debug|Any CPU.Build.0 = Debug|Any CPU
		{50F313B8-8438-40F9-B3DC-8252E6E0F66F}.Debug|x64.ActiveCfg = Debug|Any CPU
		{50F313B8-8438-40F9-B3DC-8252E6E0F66F}.Debug|x64.Build.0 = Debug|Any CPU
		{50F313B8-8438-40F9-B3DC-8252E6E0F66F}.Debug|x86.ActiveCfg = Debug|Any CPU
		{50F313B8-8438-40F9-B3DC-8252E6E0F66F}.Debug|x86.Build.0 = Debug|Any CPU
		{50F313B8-8438-40F9-B3DC-8252E6E0F66F}.Release|Any CPU.ActiveCfg = Release|Any CPU
		{50F313B8-8438-40F9-B3DC-8252E6E0F66F}.Release|Any CPU.Build.0 = Release|Any CPU
		{50F313B8-8438-40F9-B3DC-8252E6E0F66F}.Release|x64.ActiveCfg = Release|Any CPU
		{50F313B8-8438-40F9-B3DC-8252E6E0F66F}.Release|x64.Build.0 = Release|Any CPU
		{50F313B8-8438-40F9-B3DC-8252E6E0F66F}.Release|x86.ActiveCfg = Release|Any CPU
		{50F313B8-8438-40F9-B3DC-8252E6E0F66F}.Release|x86.Build.0 = Release|Any CPU
	EndGlobalSection
	GlobalSection(SolutionProperties) = preSolution
		HideSolutionNode = FALSE
	EndGlobalSection
	GlobalSection(NestedProjects) = preSolution
		{548B3F24-EC92-4DD4-B04B-870374B23EE9} = {827E0CD3-B72D-47B6-A68D-7590B98EB39B}
		{7A401833-75DF-47DD-8395-AD2605FF0C36} = {827E0CD3-B72D-47B6-A68D-7590B98EB39B}
		{3294F215-053E-4751-915D-2F1B02398480} = {827E0CD3-B72D-47B6-A68D-7590B98EB39B}
		{9D556B49-86D1-93A7-9596-FFAAB74EC556} = {0AB3BF05-4346-4AA6-1389-037BE0695223}
		{C7D8469C-E9F4-4F9E-B502-D54B1457F212} = {9D556B49-86D1-93A7-9596-FFAAB74EC556}
		{5B7D6A97-8280-490A-9209-98573E451C19} = {9D556B49-86D1-93A7-9596-FFAAB74EC556}
		{DF95CA08-5AD8-4F71-8382-6CAD5EC580DB} = {9D556B49-86D1-93A7-9596-FFAAB74EC556}
		{28A6993C-471E-82FE-7D9E-AD3B1EC22BD9} = {0AB3BF05-4346-4AA6-1389-037BE0695223}
		{9B412CDA-71D7-408E-B6A1-7970EC0EBE51} = {28A6993C-471E-82FE-7D9E-AD3B1EC22BD9}
		{50F313B8-8438-40F9-B3DC-8252E6E0F66F} = {28A6993C-471E-82FE-7D9E-AD3B1EC22BD9}
	EndGlobalSection
EndGlobal
